
Microsoft Visual Studio Solution File, Format Version 12.00
# Visual Studio 15
VisualStudioVersion = 15.0.26430.14
MinimumVisualStudioVersion = 10.0.40219.1
Project("{FAE04EC0-301F-11D3-BF4B-00C04F79EFBC}") = "org.joey.common", "org.joey.common\org.joey.common.csproj", "{B3C67BF7-27C1-4CBF-A160-5CDE12AAC9C3}"
EndProject
Project("{2150E333-8FDC-42A3-9474-1A3956D46DE8}") = "Testing", "Testing", "{7F71ADBE-DAC5-4FBB-ACE7-85E566B6B6C9}"
EndProject
Project("{FAE04EC0-301F-11D3-BF4B-00C04F79EFBC}") = "org.joey.common.test", "org.joey.common.test\org.joey.common.test.csproj", "{BE4D0402-1C38-4566-9AE4-7FDBCE637188}"
EndProject
Global
	GlobalSection(SolutionConfigurationPlatforms) = preSolution
		Debug|Any CPU = Debug|Any CPU
		Release|Any CPU = Release|Any CPU
	EndGlobalSection
	GlobalSection(ProjectConfigurationPlatforms) = postSolution
		{B3C67BF7-27C1-4CBF-A160-5CDE12AAC9C3}.Debug|Any CPU.ActiveCfg = Debug|Any CPU
		{B3C67BF7-27C1-4CBF-A160-5CDE12AAC9C3}.Debug|Any CPU.Build.0 = Debug|Any CPU
		{B3C67BF7-27C1-4CBF-A160-5CDE12AAC9C3}.Release|Any CPU.ActiveCfg = Release|Any CPU
		{B3C67BF7-27C1-4CBF-A160-5CDE12AAC9C3}.Release|Any CPU.Build.0 = Release|Any CPU
		{BE4D0402-1C38-4566-9AE4-7FDBCE637188}.Debug|Any CPU.ActiveCfg = Debug|Any CPU
		{BE4D0402-1C38-4566-9AE4-7FDBCE637188}.Debug|Any CPU.Build.0 = Debug|Any CPU
		{BE4D0402-1C38-4566-9AE4-7FDBCE637188}.Release|Any CPU.ActiveCfg = Release|Any CPU
		{BE4D0402-1C38-4566-9AE4-7FDBCE637188}.Release|Any CPU.Build.0 = Release|Any CPU
	EndGlobalSection
	GlobalSection(SolutionProperties) = preSolution
		HideSolutionNode = FALSE
	EndGlobalSection
	GlobalSection(NestedProjects) = preSolution
		{BE4D0402-1C38-4566-9AE4-7FDBCE637188} = {7F71ADBE-DAC5-4FBB-ACE7-85E566B6B6C9}
	EndGlobalSection
EndGlobal
